
Microsoft Visual Studio Solution File, Format Version 12.00
Project("{FAE04EC0-301F-11D3-BF4B-00C04F79EFBC}") = "HorizonFutureVest.Web", "HorizonFutureVest.Web\HorizonFutureVest.Web.csproj", "{21C83CD7-923F-4F6E-8B07-193306CED0B5}"
EndProject
Project("{FAE04EC0-301F-11D3-BF4B-00C04F79EFBC}") = "HorizonFutureVest.BusinessLogic", "HorizonFutureVest.BusinessLogic\HorizonFutureVest.BusinessLogic.csproj", "{BDA6FCDE-621D-442F-A638-0D55F61126CF}"
EndProject
Project("{FAE04EC0-301F-11D3-BF4B-00C04F79EFBC}") = "HorizonFutureVest.Persistence", "HorizonFutureVest.Persistence\HorizonFutureVest.Persistence.csproj", "{60465C26-25D1-47D1-B19A-09D4684A055B}"
EndProject
Global
	GlobalSection(SolutionConfigurationPlatforms) = preSolution
		Debug|Any CPU = Debug|Any CPU
		Release|Any CPU = Release|Any CPU
	EndGlobalSection
	GlobalSection(ProjectConfigurationPlatforms) = postSolution
		{21C83CD7-923F-4F6E-8B07-193306CED0B5}.Debug|Any CPU.ActiveCfg = Debug|Any CPU
		{21C83CD7-923F-4F6E-8B07-193306CED0B5}.Debug|Any CPU.Build.0 = Debug|Any CPU
		{21C83CD7-923F-4F6E-8B07-193306CED0B5}.Release|Any CPU.ActiveCfg = Release|Any CPU
		{21C83CD7-923F-4F6E-8B07-193306CED0B5}.Release|Any CPU.Build.0 = Release|Any CPU
		{BDA6FCDE-621D-442F-A638-0D55F61126CF}.Debug|Any CPU.ActiveCfg = Debug|Any CPU
		{BDA6FCDE-621D-442F-A638-0D55F61126CF}.Debug|Any CPU.Build.0 = Debug|Any CPU
		{BDA6FCDE-621D-442F-A638-0D55F61126CF}.Release|Any CPU.ActiveCfg = Release|Any CPU
		{BDA6FCDE-621D-442F-A638-0D55F61126CF}.Release|Any CPU.Build.0 = Release|Any CPU
		{60465C26-25D1-47D1-B19A-09D4684A055B}.Debug|Any CPU.ActiveCfg = Debug|Any CPU
		{60465C26-25D1-47D1-B19A-09D4684A055B}.Debug|Any CPU.Build.0 = Debug|Any CPU
		{60465C26-25D1-47D1-B19A-09D4684A055B}.Release|Any CPU.ActiveCfg = Release|Any CPU
		{60465C26-25D1-47D1-B19A-09D4684A055B}.Release|Any CPU.Build.0 = Release|Any CPU
	EndGlobalSection
EndGlobal
